
Microsoft Visual Studio Solution File, Format Version 12.00
Project("{FAE04EC0-301F-11D3-BF4B-00C04F79EFBC}") = "MyAmigurumi.Mas.Common.Persistence.MasDb", "dotnet\MyAmigurumi.Mas.Common.Persistence.MasDb\MyAmigurumi.Mas.Common.Persistence.MasDb.csproj", "{02B192E6-26BF-4FAA-888B-B3ADBDD32E19}"
EndProject
Project("{2150E333-8FDC-42A3-9474-1A3956D46DE8}") = "Mas", "Mas", "{3CB44992-3CBF-4A43-9BAF-4EEA3BE6F769}"
EndProject
Project("{2150E333-8FDC-42A3-9474-1A3956D46DE8}") = "Common", "Common", "{E797DF8B-A0A0-4DC6-991E-DC31C5BA6AFD}"
EndProject
Project("{2150E333-8FDC-42A3-9474-1A3956D46DE8}") = "Persistence", "Persistence", "{FA22D355-D849-47BD-8698-4A822738F45B}"
EndProject
Project("{2150E333-8FDC-42A3-9474-1A3956D46DE8}") = "Models", "Models", "{CB8DB1C8-8F5C-474E-91A9-AF7BEAA0151F}"
EndProject
Project("{FAE04EC0-301F-11D3-BF4B-00C04F79EFBC}") = "MyAmigurumi.Models.Enums", "dotnet\MyAmigurumi.Models.Enums\MyAmigurumi.Models.Enums.csproj", "{CB1F3C67-F617-424C-8A6C-76C82CC6BB8A}"
EndProject
Project("{2150E333-8FDC-42A3-9474-1A3956D46DE8}") = "Identity", "Identity", "{ED32FFCC-9107-47C7-8143-B93A44BB8B53}"
EndProject
Project("{2150E333-8FDC-42A3-9474-1A3956D46DE8}") = "Service", "Service", "{08138B38-8A3F-4F63-A879-103876D6184B}"
EndProject
Project("{2150E333-8FDC-42A3-9474-1A3956D46DE8}") = "Common", "Common", "{0C61B2DC-6085-4E71-B9F6-99E535BEC747}"
EndProject
Project("{2150E333-8FDC-42A3-9474-1A3956D46DE8}") = "EntityFramework", "EntityFramework", "{04A42ECF-5484-4839-9E18-CCAA7E75EFC7}"
EndProject
Project("{2150E333-8FDC-42A3-9474-1A3956D46DE8}") = "Core", "Core", "{3A22B1BD-A3CB-4C89-A054-8251A4F3A1B1}"
EndProject
Project("{FAE04EC0-301F-11D3-BF4B-00C04F79EFBC}") = "MyAmigurumi.Common.EntityFramework.Core", "dotnet\MyAmigurumi.Common.EntityFramework.Core\MyAmigurumi.Common.EntityFramework.Core.csproj", "{FA34DCEC-30D1-4136-B323-7409B58BE78D}"
EndProject
Project("{2150E333-8FDC-42A3-9474-1A3956D46DE8}") = "Persistence", "Persistence", "{219284BE-5EDE-4A1E-97A8-F278720B76DE}"
EndProject
Project("{FAE04EC0-301F-11D3-BF4B-00C04F79EFBC}") = "MyAmigurumi.Identity.App", "dotnet\MyAmigurumi.Identity.App\MyAmigurumi.Identity.App.csproj", "{D9B0E208-AEC0-49CD-8962-FDB25701EE02}"
EndProject
Project("{2150E333-8FDC-42A3-9474-1A3956D46DE8}") = "Solution Items", "Solution Items", "{1074D984-8543-46F5-862B-C0E88701CBFE}"
	ProjectSection(SolutionItems) = preProject
		compose.yaml = compose.yaml
	EndProjectSection
EndProject
Project("{FAE04EC0-301F-11D3-BF4B-00C04F79EFBC}") = "MyAmigurumi.Identity.Persistence.IdentityDb", "MyAmigurumi.Identity.Persistence.IdentityDb\MyAmigurumi.Identity.Persistence.IdentityDb.csproj", "{6C97EC9C-F73F-4EB1-BC75-222EDC87A623}"
EndProject
Global
	GlobalSection(SolutionConfigurationPlatforms) = preSolution
		Debug|Any CPU = Debug|Any CPU
		Release|Any CPU = Release|Any CPU
	EndGlobalSection
	GlobalSection(ProjectConfigurationPlatforms) = postSolution
		{02B192E6-26BF-4FAA-888B-B3ADBDD32E19}.Debug|Any CPU.ActiveCfg = Debug|Any CPU
		{02B192E6-26BF-4FAA-888B-B3ADBDD32E19}.Debug|Any CPU.Build.0 = Debug|Any CPU
		{02B192E6-26BF-4FAA-888B-B3ADBDD32E19}.Release|Any CPU.ActiveCfg = Release|Any CPU
		{02B192E6-26BF-4FAA-888B-B3ADBDD32E19}.Release|Any CPU.Build.0 = Release|Any CPU
		{CB1F3C67-F617-424C-8A6C-76C82CC6BB8A}.Debug|Any CPU.ActiveCfg = Debug|Any CPU
		{CB1F3C67-F617-424C-8A6C-76C82CC6BB8A}.Debug|Any CPU.Build.0 = Debug|Any CPU
		{CB1F3C67-F617-424C-8A6C-76C82CC6BB8A}.Release|Any CPU.ActiveCfg = Release|Any CPU
		{CB1F3C67-F617-424C-8A6C-76C82CC6BB8A}.Release|Any CPU.Build.0 = Release|Any CPU
		{FA34DCEC-30D1-4136-B323-7409B58BE78D}.Debug|Any CPU.ActiveCfg = Debug|Any CPU
		{FA34DCEC-30D1-4136-B323-7409B58BE78D}.Debug|Any CPU.Build.0 = Debug|Any CPU
		{FA34DCEC-30D1-4136-B323-7409B58BE78D}.Release|Any CPU.ActiveCfg = Release|Any CPU
		{FA34DCEC-30D1-4136-B323-7409B58BE78D}.Release|Any CPU.Build.0 = Release|Any CPU
		{D9B0E208-AEC0-49CD-8962-FDB25701EE02}.Debug|Any CPU.ActiveCfg = Debug|Any CPU
		{D9B0E208-AEC0-49CD-8962-FDB25701EE02}.Debug|Any CPU.Build.0 = Debug|Any CPU
		{D9B0E208-AEC0-49CD-8962-FDB25701EE02}.Release|Any CPU.ActiveCfg = Release|Any CPU
		{D9B0E208-AEC0-49CD-8962-FDB25701EE02}.Release|Any CPU.Build.0 = Release|Any CPU
		{6C97EC9C-F73F-4EB1-BC75-222EDC87A623}.Debug|Any CPU.ActiveCfg = Debug|Any CPU
		{6C97EC9C-F73F-4EB1-BC75-222EDC87A623}.Debug|Any CPU.Build.0 = Debug|Any CPU
		{6C97EC9C-F73F-4EB1-BC75-222EDC87A623}.Release|Any CPU.ActiveCfg = Release|Any CPU
		{6C97EC9C-F73F-4EB1-BC75-222EDC87A623}.Release|Any CPU.Build.0 = Release|Any CPU
	EndGlobalSection
	GlobalSection(NestedProjects) = preSolution
		{E797DF8B-A0A0-4DC6-991E-DC31C5BA6AFD} = {3CB44992-3CBF-4A43-9BAF-4EEA3BE6F769}
		{FA22D355-D849-47BD-8698-4A822738F45B} = {E797DF8B-A0A0-4DC6-991E-DC31C5BA6AFD}
		{02B192E6-26BF-4FAA-888B-B3ADBDD32E19} = {FA22D355-D849-47BD-8698-4A822738F45B}
		{CB1F3C67-F617-424C-8A6C-76C82CC6BB8A} = {CB8DB1C8-8F5C-474E-91A9-AF7BEAA0151F}
		{08138B38-8A3F-4F63-A879-103876D6184B} = {ED32FFCC-9107-47C7-8143-B93A44BB8B53}
		{04A42ECF-5484-4839-9E18-CCAA7E75EFC7} = {0C61B2DC-6085-4E71-B9F6-99E535BEC747}
		{3A22B1BD-A3CB-4C89-A054-8251A4F3A1B1} = {04A42ECF-5484-4839-9E18-CCAA7E75EFC7}
		{FA34DCEC-30D1-4136-B323-7409B58BE78D} = {3A22B1BD-A3CB-4C89-A054-8251A4F3A1B1}
		{219284BE-5EDE-4A1E-97A8-F278720B76DE} = {ED32FFCC-9107-47C7-8143-B93A44BB8B53}
		{D9B0E208-AEC0-49CD-8962-FDB25701EE02} = {08138B38-8A3F-4F63-A879-103876D6184B}
		{6C97EC9C-F73F-4EB1-BC75-222EDC87A623} = {219284BE-5EDE-4A1E-97A8-F278720B76DE}
	EndGlobalSection
EndGlobal
